
Microsoft Visual Studio Solution File, Format Version 12.00
# Visual Studio Version 16
VisualStudioVersion = 16.0.30717.126
MinimumVisualStudioVersion = 10.0.40219.1
Project("{FAE04EC0-301F-11D3-BF4B-00C04F79EFBC}") = "MovilApplication.Android", "MovilApplication\MovilApplication.Android\MovilApplication.Android.csproj", "{584C853F-C7E0-413F-A9C2-88318C9C7DD0}"
EndProject
Project("{FAE04EC0-301F-11D3-BF4B-00C04F79EFBC}") = "MovilApplication.iOS", "MovilApplication\MovilApplication.iOS\MovilApplication.iOS.csproj", "{45ACF87C-4D21-430F-BB66-5A12BB439323}"
EndProject
Project("{FAE04EC0-301F-11D3-BF4B-00C04F79EFBC}") = "MovilApplication", "MovilApplication\MovilApplication\MovilApplication.csproj", "{45086320-25CA-4AEB-BA4C-A2006077CE39}"
EndProject
Global
	GlobalSection(SolutionConfigurationPlatforms) = preSolution
		Debug|Any CPU = Debug|Any CPU
		Debug|iPhone = Debug|iPhone
		Debug|iPhoneSimulator = Debug|iPhoneSimulator
		Release|Any CPU = Release|Any CPU
		Release|iPhone = Release|iPhone
		Release|iPhoneSimulator = Release|iPhoneSimulator
	EndGlobalSection
	GlobalSection(ProjectConfigurationPlatforms) = postSolution
		{584C853F-C7E0-413F-A9C2-88318C9C7DD0}.Debug|Any CPU.ActiveCfg = Debug|Any CPU
		{584C853F-C7E0-413F-A9C2-88318C9C7DD0}.Debug|Any CPU.Build.0 = Debug|Any CPU
		{584C853F-C7E0-413F-A9C2-88318C9C7DD0}.Debug|Any CPU.Deploy.0 = Debug|Any CPU
		{584C853F-C7E0-413F-A9C2-88318C9C7DD0}.Debug|iPhone.ActiveCfg = Debug|Any CPU
		{584C853F-C7E0-413F-A9C2-88318C9C7DD0}.Debug|iPhone.Build.0 = Debug|Any CPU
		{584C853F-C7E0-413F-A9C2-88318C9C7DD0}.Debug|iPhone.Deploy.0 = Debug|Any CPU
		{584C853F-C7E0-413F-A9C2-88318C9C7DD0}.Debug|iPhoneSimulator.ActiveCfg = Debug|Any CPU
		{584C853F-C7E0-413F-A9C2-88318C9C7DD0}.Debug|iPhoneSimulator.Build.0 = Debug|Any CPU
		{584C853F-C7E0-413F-A9C2-88318C9C7DD0}.Debug|iPhoneSimulator.Deploy.0 = Debug|Any CPU
		{584C853F-C7E0-413F-A9C2-88318C9C7DD0}.Release|Any CPU.ActiveCfg = Release|Any CPU
		{584C853F-C7E0-413F-A9C2-88318C9C7DD0}.Release|Any CPU.Build.0 = Release|Any CPU
		{584C853F-C7E0-413F-A9C2-88318C9C7DD0}.Release|Any CPU.Deploy.0 = Release|Any CPU
		{584C853F-C7E0-413F-A9C2-88318C9C7DD0}.Release|iPhone.ActiveCfg = Release|Any CPU
		{584C853F-C7E0-413F-A9C2-88318C9C7DD0}.Release|iPhone.Build.0 = Release|Any CPU
		{584C853F-C7E0-413F-A9C2-88318C9C7DD0}.Release|iPhone.Deploy.0 = Release|Any CPU
		{584C853F-C7E0-413F-A9C2-88318C9C7DD0}.Release|iPhoneSimulator.ActiveCfg = Release|Any CPU
		{584C853F-C7E0-413F-A9C2-88318C9C7DD0}.Release|iPhoneSimulator.Build.0 = Release|Any CPU
		{584C853F-C7E0-413F-A9C2-88318C9C7DD0}.Release|iPhoneSimulator.Deploy.0 = Release|Any CPU
		{45ACF87C-4D21-430F-BB66-5A12BB439323}.Debug|Any CPU.ActiveCfg = Debug|iPhone
		{45ACF87C-4D21-430F-BB66-5A12BB439323}.Debug|Any CPU.Build.0 = Debug|iPhone
		{45ACF87C-4D21-430F-BB66-5A12BB439323}.Debug|Any CPU.Deploy.0 = Debug|iPhone
		{45ACF87C-4D21-430F-BB66-5A12BB439323}.Debug|iPhone.ActiveCfg = Debug|iPhone
		{45ACF87C-4D21-430F-BB66-5A12BB439323}.Debug|iPhone.Build.0 = Debug|iPhone
		{45ACF87C-4D21-430F-BB66-5A12BB439323}.Debug|iPhone.Deploy.0 = Debug|iPhone
		{45ACF87C-4D21-430F-BB66-5A12BB439323}.Debug|iPhoneSimulator.ActiveCfg = Debug|iPhoneSimulator
		{45ACF87C-4D21-430F-BB66-5A12BB439323}.Debug|iPhoneSimulator.Build.0 = Debug|iPhoneSimulator
		{45ACF87C-4D21-430F-BB66-5A12BB439323}.Debug|iPhoneSimulator.Deploy.0 = Debug|iPhoneSimulator
		{45ACF87C-4D21-430F-BB66-5A12BB439323}.Release|Any CPU.ActiveCfg = Release|iPhoneSimulator
		{45ACF87C-4D21-430F-BB66-5A12BB439323}.Release|Any CPU.Build.0 = Release|iPhoneSimulator
		{45ACF87C-4D21-430F-BB66-5A12BB439323}.Release|Any CPU.Deploy.0 = Release|iPhoneSimulator
		{45ACF87C-4D21-430F-BB66-5A12BB439323}.Release|iPhone.ActiveCfg = Release|iPhone
		{45ACF87C-4D21-430F-BB66-5A12BB439323}.Release|iPhone.Build.0 = Release|iPhone
		{45ACF87C-4D21-430F-BB66-5A12BB439323}.Release|iPhone.Deploy.0 = Release|iPhone
		{45ACF87C-4D21-430F-BB66-5A12BB439323}.Release|iPhoneSimulator.ActiveCfg = Release|iPhoneSimulator
		{45ACF87C-4D21-430F-BB66-5A12BB439323}.Release|iPhoneSimulator.Build.0 = Release|iPhoneSimulator
		{45ACF87C-4D21-430F-BB66-5A12BB439323}.Release|iPhoneSimulator.Deploy.0 = Release|iPhoneSimulator
		{45086320-25CA-4AEB-BA4C-A2006077CE39}.Debug|Any CPU.ActiveCfg = Debug|Any CPU
		{45086320-25CA-4AEB-BA4C-A2006077CE39}.Debug|Any CPU.Build.0 = Debug|Any CPU
		{45086320-25CA-4AEB-BA4C-A2006077CE39}.Debug|Any CPU.Deploy.0 = Debug|Any CPU
		{45086320-25CA-4AEB-BA4C-A2006077CE39}.Debug|iPhone.ActiveCfg = Debug|Any CPU
		{45086320-25CA-4AEB-BA4C-A2006077CE39}.Debug|iPhone.Build.0 = Debug|Any CPU
		{45086320-25CA-4AEB-BA4C-A2006077CE39}.Debug|iPhone.Deploy.0 = Debug|Any CPU
		{45086320-25CA-4AEB-BA4C-A2006077CE39}.Debug|iPhoneSimulator.ActiveCfg = Debug|Any CPU
		{45086320-25CA-4AEB-BA4C-A2006077CE39}.Debug|iPhoneSimulator.Build.0 = Debug|Any CPU
		{45086320-25CA-4AEB-BA4C-A2006077CE39}.Debug|iPhoneSimulator.Deploy.0 = Debug|Any CPU
		{45086320-25CA-4AEB-BA4C-A2006077CE39}.Release|Any CPU.ActiveCfg = Release|Any CPU
		{45086320-25CA-4AEB-BA4C-A2006077CE39}.Release|Any CPU.Build.0 = Release|Any CPU
		{45086320-25CA-4AEB-BA4C-A2006077CE39}.Release|Any CPU.Deploy.0 = Release|Any CPU
		{45086320-25CA-4AEB-BA4C-A2006077CE39}.Release|iPhone.ActiveCfg = Release|Any CPU
		{45086320-25CA-4AEB-BA4C-A2006077CE39}.Release|iPhone.Build.0 = Release|Any CPU
		{45086320-25CA-4AEB-BA4C-A2006077CE39}.Release|iPhone.Deploy.0 = Release|Any CPU
		{45086320-25CA-4AEB-BA4C-A2006077CE39}.Release|iPhoneSimulator.ActiveCfg = Release|Any CPU
		{45086320-25CA-4AEB-BA4C-A2006077CE39}.Release|iPhoneSimulator.Build.0 = Release|Any CPU
		{45086320-25CA-4AEB-BA4C-A2006077CE39}.Release|iPhoneSimulator.Deploy.0 = Release|Any CPU
	EndGlobalSection
	GlobalSection(SolutionProperties) = preSolution
		HideSolutionNode = FALSE
	EndGlobalSection
	GlobalSection(ExtensibilityGlobals) = postSolution
		SolutionGuid = {FB35366D-4DA9-46C1-8EC6-EE26F5A582AF}
	EndGlobalSection
EndGlobal
